{
  "name": "preact-use-id-repro",
  "version": "1.0.0",
  "lockfileVersion": 3,
  "requires": true,
  "packages": {
    "": {
      "name": "preact-use-id-repro",
      "version": "1.0.0",
      "license": "ISC",
      "dependencies": {
        "preact": "^10.28.1",
        "preact-render-to-string": "^6.6.4"
      },
      "devDependencies": {
        "@types/node": "^25.0.3",
        "typescript": "^5.9.3"
      }
    },
    "node_modules/@types/node": {
      "version": "25.0.3",
      "resolved": "https://registry.npmjs.org/@types/node/-/node-25.0.3.tgz",
      "integrity": "sha512-W609buLVRVmeW693xKfzHeIV6nJGGz98uCPfeXI1ELMLXVeKYZ9m15fAMSaUPBHYLGFsVRcMmSCksQOrZV9BYA==",
      "dev": true,
      "license": "MIT",
      "dependencies": {
        "undici-types": "~7.16.0"
      }
    },
    "node_modules/preact": {
      "version": "10.28.1",
      "resolved": "https://registry.npmjs.org/preact/-/preact-10.28.1.tgz",
      "integrity": "sha512-u1/ixq/lVQI0CakKNvLDEcW5zfCjUQfZdK9qqWuIJtsezuyG6pk9TWj75GMuI/EzRSZB/VAE43sNWWZfiy8psw==",
      "license": "MIT",
      "funding": {
        "type": "opencollective",
        "url": "https://opencollective.com/preact"
      }
    },
    "node_modules/preact-render-to-string": {
      "version": "6.6.4",
      "resolved": "https://registry.npmjs.org/preact-render-to-string/-/preact-render-to-string-6.6.4.tgz",
      "integrity": "sha512-Bn6eQZ5SQ5loVEcC/mZmKT7HzO5Z/+vYzxfE/W2N468oSoNMJVdFGApF0GyXq0lDthuyXKTmtZ8k20NpYjr6Rw==",
      "license": "MIT",
      "peerDependencies": {
        "preact": ">=10 || >= 11.0.0-0"
      }
    },
    "node_modules/typescript": {
      "version": "5.9.3",
      "resolved": "https://registry.npmjs.org/typescript/-/typescript-5.9.3.tgz",
      "integrity": "sha512-jl1vZzPDinLr9eUt3J/t7V6FgNEw9QjvBPdysz9KfQDD41fQrC2Y4vKQdiaUpFT4bXlb1RHhLpp8wtm6M5TgSw==",
      "dev": true,
      "license": "Apache-2.0",
      "bin": {
        "tsc": "bin/tsc",
        "tsserver": "bin/tsserver"
      },
      "engines": {
        "node": ">=14.17"
      }
    },
    "node_modules/undici-types": {
      "version": "7.16.0",
      "resolved": "https://registry.npmjs.org/undici-types/-/undici-types-7.16.0.tgz",
      "integrity": "sha512-Zz+aZWSj8LE6zoxD+xrjh4VfkIG8Ya6LvYkZqtUQGJPZjYl53ypCaUwWqo7eI0x66KBGeRo+mlBEkMSeSZ38Nw==",
      "dev": true,
      "license": "MIT"
    }
  }
}
